github.com/joho/godotenv v1.5.1 h1:7eLL/+HRGLY0ldzfGMeQkb7vMd0as4CfYvUVzLqw0N0=
github.com/joho/godotenv v1.5.1/go.mod h1:f4LDr5Voq0i2e/R5DDNOoa2zzDfwtkZa6DnEwAbqwq4=
github.com/kavkaz/pavo v0.0.0-20171123124916-eb0dbd5cedf2 h1:iv32T6RqDUt/gfn8L1cuX6FTosPBcq/dZulL3JrzEzM=
github.com/kavkaz/pavo v0.0.0-20171123124916-eb0dbd5cedf2/go.mod h1:A1/241YlzHgyWWDdhUo9LrpDohEGpxLB0/NgficzRMg=
